
Microsoft Visual Studio Solution File, Format Version 12.00
# Visual Studio 2013
VisualStudioVersion = 12.0.31101.0
MinimumVisualStudioVersion = 10.0.40219.1
Project("{FAE04EC0-301F-11D3-BF4B-00C04F79EFBC}") = "BritanicaQuiz.Model", "BritanicaQuiz.Model\BritanicaQuiz.Model.csproj", "{A7C8AE0B-EEC0-4DBD-A783-5841FD44A9F0}"
EndProject
Project("{FAE04EC0-301F-11D3-BF4B-00C04F79EFBC}") = "BritanicaQuiz.Data", "BritanicaQuiz.Data\BritanicaQuiz.Data.csproj", "{B85C9E0A-223B-4164-8E6B-1A6A701912B2}"
EndProject
Project("{FAE04EC0-301F-11D3-BF4B-00C04F79EFBC}") = "BritanicaQuiz", "BritanicaQuiz\BritanicaQuiz.csproj", "{2FD1CDA1-9BF9-4582-BE34-BED59F843626}"
EndProject
Project("{FAE04EC0-301F-11D3-BF4B-00C04F79EFBC}") = "BritanicaQuiz.Mailing", "BritanicaQuiz.Mailing\BritanicaQuiz.Mailing.csproj", "{AD5B39AA-90F5-4C3D-9B14-33A4167FD871}"
EndProject
Global
	GlobalSection(TeamFoundationVersionControl) = preSolution
		SccNumberOfProjects = 5
		SccEnterpriseProvider = {4CA58AB2-18FA-4F8D-95D4-32DDF27D184C}
		SccTeamFoundationServer = http://192.168.0.214:8080/tfs/defaultcollection
		SccLocalPath0 = .
		SccProjectUniqueName1 = BritanicaQuiz.Data\\BritanicaQuiz.Data.csproj
		SccProjectName1 = BritanicaQuiz.Data
		SccLocalPath1 = BritanicaQuiz.Data
		SccProjectUniqueName2 = BritanicaQuiz.Model\\BritanicaQuiz.Model.csproj
		SccProjectName2 = BritanicaQuiz.Model
		SccLocalPath2 = BritanicaQuiz.Model
		SccProjectUniqueName3 = BritanicaQuiz\\BritanicaQuiz.csproj
		SccProjectName3 = BritanicaQuiz
		SccLocalPath3 = BritanicaQuiz
		SccProjectUniqueName4 = BritanicaQuiz.Mailing\\BritanicaQuiz.Mailing.csproj
		SccProjectName4 = BritanicaQuiz.Mailing
		SccLocalPath4 = BritanicaQuiz.Mailing
	EndGlobalSection
	GlobalSection(SolutionConfigurationPlatforms) = preSolution
		Debug|Any CPU = Debug|Any CPU
		Release|Any CPU = Release|Any CPU
	EndGlobalSection
	GlobalSection(ProjectConfigurationPlatforms) = postSolution
		{A7C8AE0B-EEC0-4DBD-A783-5841FD44A9F0}.Debug|Any CPU.ActiveCfg = Debug|Any CPU
		{A7C8AE0B-EEC0-4DBD-A783-5841FD44A9F0}.Debug|Any CPU.Build.0 = Debug|Any CPU
		{A7C8AE0B-EEC0-4DBD-A783-5841FD44A9F0}.Release|Any CPU.ActiveCfg = Release|Any CPU
		{A7C8AE0B-EEC0-4DBD-A783-5841FD44A9F0}.Release|Any CPU.Build.0 = Release|Any CPU
		{B85C9E0A-223B-4164-8E6B-1A6A701912B2}.Debug|Any CPU.ActiveCfg = Debug|Any CPU
		{B85C9E0A-223B-4164-8E6B-1A6A701912B2}.Debug|Any CPU.Build.0 = Debug|Any CPU
		{B85C9E0A-223B-4164-8E6B-1A6A701912B2}.Release|Any CPU.ActiveCfg = Release|Any CPU
		{B85C9E0A-223B-4164-8E6B-1A6A701912B2}.Release|Any CPU.Build.0 = Release|Any CPU
		{2FD1CDA1-9BF9-4582-BE34-BED59F843626}.Debug|Any CPU.ActiveCfg = Debug|Any CPU
		{2FD1CDA1-9BF9-4582-BE34-BED59F843626}.Debug|Any CPU.Build.0 = Debug|Any CPU
		{2FD1CDA1-9BF9-4582-BE34-BED59F843626}.Release|Any CPU.ActiveCfg = Release|Any CPU
		{2FD1CDA1-9BF9-4582-BE34-BED59F843626}.Release|Any CPU.Build.0 = Release|Any CPU
		{AD5B39AA-90F5-4C3D-9B14-33A4167FD871}.Debug|Any CPU.ActiveCfg = Debug|Any CPU
		{AD5B39AA-90F5-4C3D-9B14-33A4167FD871}.Debug|Any CPU.Build.0 = Debug|Any CPU
		{AD5B39AA-90F5-4C3D-9B14-33A4167FD871}.Release|Any CPU.ActiveCfg = Release|Any CPU
		{AD5B39AA-90F5-4C3D-9B14-33A4167FD871}.Release|Any CPU.Build.0 = Release|Any CPU
	EndGlobalSection
	GlobalSection(SolutionProperties) = preSolution
		HideSolutionNode = FALSE
	EndGlobalSection
EndGlobal
